
Microsoft Visual Studio Solution File, Format Version 12.00
# Visual Studio 14
VisualStudioVersion = 14.0.25420.1
MinimumVisualStudioVersion = 10.0.40219.1
Project("{2150E333-8FDC-42A3-9474-1A3956D46DE8}") = "src", "src", "{730FB917-388C-4C84-9340-7A318640C637}"
EndProject
Project("{2150E333-8FDC-42A3-9474-1A3956D46DE8}") = "Solution Items", "Solution Items", "{CB67A846-766E-4D9C-A434-3C758AF14E64}"
	ProjectSection(SolutionItems) = preProject
		global.json = global.json
	EndProjectSection
EndProject
Project("{8BB2217D-0F2D-49D1-97BC-3654ED321F3B}") = "SocialNetwork", "src\SocialNetwork\SocialNetwork.xproj", "{983F093C-121D-425E-850D-D6A690FAB1DF}"
EndProject
Project("{8BB2217D-0F2D-49D1-97BC-3654ED321F3B}") = "SocialNetwork.Data.Contracts", "src\SocialNetwork.Data.Contracts\SocialNetwork.Data.Contracts.xproj", "{59BC6BB2-2601-4585-AD66-52BD3FCA0EFE}"
EndProject
Project("{8BB2217D-0F2D-49D1-97BC-3654ED321F3B}") = "SocialNetwork.Data.Services", "src\SocialNetwork.Data.Services\SocialNetwork.Data.Services.xproj", "{A83CC76A-5D9E-4F83-96BD-A868D59F5462}"
EndProject
Project("{8BB2217D-0F2D-49D1-97BC-3654ED321F3B}") = "SocialNetwork.Data.Infrastructure", "src\SocialNetwork.Data.Infrastructure\SocialNetwork.Data.Infrastructure.xproj", "{665392D7-C860-4461-85BC-CCE1933B8349}"
EndProject
Project("{8BB2217D-0F2D-49D1-97BC-3654ED321F3B}") = "SocialNetwork.Security.Contracts", "src\SocialNetwork.Security.Contracts\SocialNetwork.Security.Contracts.xproj", "{A96E395C-355C-49E7-B55D-6F144F781C22}"
EndProject
Project("{8BB2217D-0F2D-49D1-97BC-3654ED321F3B}") = "SocialNetwork.Security.Infrastructure", "src\SocialNetwork.Security.Infrastructure\SocialNetwork.Security.Infrastructure.xproj", "{67715788-E1C5-4DFE-A94C-2833D7674C0C}"
EndProject
Project("{8BB2217D-0F2D-49D1-97BC-3654ED321F3B}") = "SocialNetwork.Business.Contracts", "src\SocialNetwork.Business.Contracts\SocialNetwork.Business.Contracts.xproj", "{D823C548-D804-4E81-A1E8-383C20DFD8BB}"
EndProject
Project("{8BB2217D-0F2D-49D1-97BC-3654ED321F3B}") = "SocialNetwork.Business.Services", "src\SocialNetwork.Business.Services\SocialNetwork.Business.Services.xproj", "{419CAAE1-BE8E-499B-B601-13A1E2EE1C58}"
EndProject
Project("{8BB2217D-0F2D-49D1-97BC-3654ED321F3B}") = "SocialNetwork.Business.Infrastructure", "src\SocialNetwork.Business.Infrastructure\SocialNetwork.Business.Infrastructure.xproj", "{04C2DC88-9572-4C53-AEB5-20180BF5591D}"
EndProject
Project("{8BB2217D-0F2D-49D1-97BC-3654ED321F3B}") = "SocialNetwork.Common", "src\SocialNetwork.Common\SocialNetwork.Common.xproj", "{FACCD9FC-5FA4-4CBE-856C-1DD44D4A9408}"
EndProject
Global
	GlobalSection(SolutionConfigurationPlatforms) = preSolution
		Debug|Any CPU = Debug|Any CPU
		Release|Any CPU = Release|Any CPU
	EndGlobalSection
	GlobalSection(ProjectConfigurationPlatforms) = postSolution
		{983F093C-121D-425E-850D-D6A690FAB1DF}.Debug|Any CPU.ActiveCfg = Debug|Any CPU
		{983F093C-121D-425E-850D-D6A690FAB1DF}.Debug|Any CPU.Build.0 = Debug|Any CPU
		{983F093C-121D-425E-850D-D6A690FAB1DF}.Release|Any CPU.ActiveCfg = Release|Any CPU
		{983F093C-121D-425E-850D-D6A690FAB1DF}.Release|Any CPU.Build.0 = Release|Any CPU
		{59BC6BB2-2601-4585-AD66-52BD3FCA0EFE}.Debug|Any CPU.ActiveCfg = Debug|Any CPU
		{59BC6BB2-2601-4585-AD66-52BD3FCA0EFE}.Debug|Any CPU.Build.0 = Debug|Any CPU
		{59BC6BB2-2601-4585-AD66-52BD3FCA0EFE}.Release|Any CPU.ActiveCfg = Release|Any CPU
		{59BC6BB2-2601-4585-AD66-52BD3FCA0EFE}.Release|Any CPU.Build.0 = Release|Any CPU
		{A83CC76A-5D9E-4F83-96BD-A868D59F5462}.Debug|Any CPU.ActiveCfg = Debug|Any CPU
		{A83CC76A-5D9E-4F83-96BD-A868D59F5462}.Debug|Any CPU.Build.0 = Debug|Any CPU
		{A83CC76A-5D9E-4F83-96BD-A868D59F5462}.Release|Any CPU.ActiveCfg = Release|Any CPU
		{A83CC76A-5D9E-4F83-96BD-A868D59F5462}.Release|Any CPU.Build.0 = Release|Any CPU
		{665392D7-C860-4461-85BC-CCE1933B8349}.Debug|Any CPU.ActiveCfg = Debug|Any CPU
		{665392D7-C860-4461-85BC-CCE1933B8349}.Debug|Any CPU.Build.0 = Debug|Any CPU
		{665392D7-C860-4461-85BC-CCE1933B8349}.Release|Any CPU.ActiveCfg = Release|Any CPU
		{665392D7-C860-4461-85BC-CCE1933B8349}.Release|Any CPU.Build.0 = Release|Any CPU
		{A96E395C-355C-49E7-B55D-6F144F781C22}.Debug|Any CPU.ActiveCfg = Debug|Any CPU
		{A96E395C-355C-49E7-B55D-6F144F781C22}.Debug|Any CPU.Build.0 = Debug|Any CPU
		{A96E395C-355C-49E7-B55D-6F144F781C22}.Release|Any CPU.ActiveCfg = Release|Any CPU
		{A96E395C-355C-49E7-B55D-6F144F781C22}.Release|Any CPU.Build.0 = Release|Any CPU
		{67715788-E1C5-4DFE-A94C-2833D7674C0C}.Debug|Any CPU.ActiveCfg = Debug|Any CPU
		{67715788-E1C5-4DFE-A94C-2833D7674C0C}.Debug|Any CPU.Build.0 = Debug|Any CPU
		{67715788-E1C5-4DFE-A94C-2833D7674C0C}.Release|Any CPU.ActiveCfg = Release|Any CPU
		{67715788-E1C5-4DFE-A94C-2833D7674C0C}.Release|Any CPU.Build.0 = Release|Any CPU
		{D823C548-D804-4E81-A1E8-383C20DFD8BB}.Debug|Any CPU.ActiveCfg = Debug|Any CPU
		{D823C548-D804-4E81-A1E8-383C20DFD8BB}.Debug|Any CPU.Build.0 = Debug|Any CPU
		{D823C548-D804-4E81-A1E8-383C20DFD8BB}.Release|Any CPU.ActiveCfg = Release|Any CPU
		{D823C548-D804-4E81-A1E8-383C20DFD8BB}.Release|Any CPU.Build.0 = Release|Any CPU
		{419CAAE1-BE8E-499B-B601-13A1E2EE1C58}.Debug|Any CPU.ActiveCfg = Debug|Any CPU
		{419CAAE1-BE8E-499B-B601-13A1E2EE1C58}.Debug|Any CPU.Build.0 = Debug|Any CPU
		{419CAAE1-BE8E-499B-B601-13A1E2EE1C58}.Release|Any CPU.ActiveCfg = Release|Any CPU
		{419CAAE1-BE8E-499B-B601-13A1E2EE1C58}.Release|Any CPU.Build.0 = Release|Any CPU
		{04C2DC88-9572-4C53-AEB5-20180BF5591D}.Debug|Any CPU.ActiveCfg = Debug|Any CPU
		{04C2DC88-9572-4C53-AEB5-20180BF5591D}.Debug|Any CPU.Build.0 = Debug|Any CPU
		{04C2DC88-9572-4C53-AEB5-20180BF5591D}.Release|Any CPU.ActiveCfg = Release|Any CPU
		{04C2DC88-9572-4C53-AEB5-20180BF5591D}.Release|Any CPU.Build.0 = Release|Any CPU
		{FACCD9FC-5FA4-4CBE-856C-1DD44D4A9408}.Debug|Any CPU.ActiveCfg = Debug|Any CPU
		{FACCD9FC-5FA4-4CBE-856C-1DD44D4A9408}.Debug|Any CPU.Build.0 = Debug|Any CPU
		{FACCD9FC-5FA4-4CBE-856C-1DD44D4A9408}.Release|Any CPU.ActiveCfg = Release|Any CPU
		{FACCD9FC-5FA4-4CBE-856C-1DD44D4A9408}.Release|Any CPU.Build.0 = Release|Any CPU
	EndGlobalSection
	GlobalSection(SolutionProperties) = preSolution
		HideSolutionNode = FALSE
	EndGlobalSection
	GlobalSection(NestedProjects) = preSolution
		{983F093C-121D-425E-850D-D6A690FAB1DF} = {730FB917-388C-4C84-9340-7A318640C637}
		{59BC6BB2-2601-4585-AD66-52BD3FCA0EFE} = {730FB917-388C-4C84-9340-7A318640C637}
		{A83CC76A-5D9E-4F83-96BD-A868D59F5462} = {730FB917-388C-4C84-9340-7A318640C637}
		{665392D7-C860-4461-85BC-CCE1933B8349} = {730FB917-388C-4C84-9340-7A318640C637}
		{A96E395C-355C-49E7-B55D-6F144F781C22} = {730FB917-388C-4C84-9340-7A318640C637}
		{67715788-E1C5-4DFE-A94C-2833D7674C0C} = {730FB917-388C-4C84-9340-7A318640C637}
		{D823C548-D804-4E81-A1E8-383C20DFD8BB} = {730FB917-388C-4C84-9340-7A318640C637}
		{419CAAE1-BE8E-499B-B601-13A1E2EE1C58} = {730FB917-388C-4C84-9340-7A318640C637}
		{04C2DC88-9572-4C53-AEB5-20180BF5591D} = {730FB917-388C-4C84-9340-7A318640C637}
		{FACCD9FC-5FA4-4CBE-856C-1DD44D4A9408} = {730FB917-388C-4C84-9340-7A318640C637}
	EndGlobalSection
EndGlobal
